
Microsoft Visual Studio Solution File, Format Version 12.00
# Visual Studio Version 17
VisualStudioVersion = 17.5.33414.496
MinimumVisualStudioVersion = 10.0.40219.1
Project("{9A19103F-16F7-4668-BE54-9A1E7A4F7556}") = "TatBlog.Core", "TatBlog.Core\TatBlog.Core.csproj", "{2DBE5649-D8E1-431A-B2A9-BA591B380FE6}"
EndProject
Project("{9A19103F-16F7-4668-BE54-9A1E7A4F7556}") = "TatBlog.Data", "TatBlog.Data\TatBlog.Data.csproj", "{AF181747-A515-4355-8C2E-AD5958579C86}"
EndProject
Project("{9A19103F-16F7-4668-BE54-9A1E7A4F7556}") = "TatBlog.Services", "TatBlog.Services\TatBlog.Services.csproj", "{01F60606-DF4F-4149-A80F-D0DF0D283F5D}"
EndProject
Project("{9A19103F-16F7-4668-BE54-9A1E7A4F7556}") = "TatBlog.WinApp", "TatBlog.WinApp\TatBlog.WinApp.csproj", "{E2CC7907-D5C0-4E51-ACD0-3C18EA8962A2}"
EndProject
Project("{FAE04EC0-301F-11D3-BF4B-00C04F79EFBC}") = "TatBlog.WebApp", "TatBlog.WebApp\TatBlog.WebApp.csproj", "{FC6E81A9-2393-42C8-B8ED-250E3924D688}"
EndProject
Global
	GlobalSection(SolutionConfigurationPlatforms) = preSolution
		Debug|Any CPU = Debug|Any CPU
		Release|Any CPU = Release|Any CPU
	EndGlobalSection
	GlobalSection(ProjectConfigurationPlatforms) = postSolution
		{2DBE5649-D8E1-431A-B2A9-BA591B380FE6}.Debug|Any CPU.ActiveCfg = Debug|Any CPU
		{2DBE5649-D8E1-431A-B2A9-BA591B380FE6}.Debug|Any CPU.Build.0 = Debug|Any CPU
		{2DBE5649-D8E1-431A-B2A9-BA591B380FE6}.Release|Any CPU.ActiveCfg = Release|Any CPU
		{2DBE5649-D8E1-431A-B2A9-BA591B380FE6}.Release|Any CPU.Build.0 = Release|Any CPU
		{AF181747-A515-4355-8C2E-AD5958579C86}.Debug|Any CPU.ActiveCfg = Debug|Any CPU
		{AF181747-A515-4355-8C2E-AD5958579C86}.Debug|Any CPU.Build.0 = Debug|Any CPU
		{AF181747-A515-4355-8C2E-AD5958579C86}.Release|Any CPU.ActiveCfg = Release|Any CPU
		{AF181747-A515-4355-8C2E-AD5958579C86}.Release|Any CPU.Build.0 = Release|Any CPU
		{01F60606-DF4F-4149-A80F-D0DF0D283F5D}.Debug|Any CPU.ActiveCfg = Debug|Any CPU
		{01F60606-DF4F-4149-A80F-D0DF0D283F5D}.Debug|Any CPU.Build.0 = Debug|Any CPU
		{01F60606-DF4F-4149-A80F-D0DF0D283F5D}.Release|Any CPU.ActiveCfg = Release|Any CPU
		{01F60606-DF4F-4149-A80F-D0DF0D283F5D}.Release|Any CPU.Build.0 = Release|Any CPU
		{E2CC7907-D5C0-4E51-ACD0-3C18EA8962A2}.Debug|Any CPU.ActiveCfg = Debug|Any CPU
		{E2CC7907-D5C0-4E51-ACD0-3C18EA8962A2}.Debug|Any CPU.Build.0 = Debug|Any CPU
		{E2CC7907-D5C0-4E51-ACD0-3C18EA8962A2}.Release|Any CPU.ActiveCfg = Release|Any CPU
		{E2CC7907-D5C0-4E51-ACD0-3C18EA8962A2}.Release|Any CPU.Build.0 = Release|Any CPU
		{FC6E81A9-2393-42C8-B8ED-250E3924D688}.Debug|Any CPU.ActiveCfg = Debug|Any CPU
		{FC6E81A9-2393-42C8-B8ED-250E3924D688}.Debug|Any CPU.Build.0 = Debug|Any CPU
		{FC6E81A9-2393-42C8-B8ED-250E3924D688}.Release|Any CPU.ActiveCfg = Release|Any CPU
		{FC6E81A9-2393-42C8-B8ED-250E3924D688}.Release|Any CPU.Build.0 = Release|Any CPU
	EndGlobalSection
	GlobalSection(SolutionProperties) = preSolution
		HideSolutionNode = FALSE
	EndGlobalSection
	GlobalSection(ExtensibilityGlobals) = postSolution
		SolutionGuid = {38594CFB-E28F-45B7-AC5F-BE6FC356AC34}
	EndGlobalSection
EndGlobal
